github.com/glycerine/rbtree v0.2.1 h1:9nD5PDojW8gu1slYBzzH7VND9gbSjB86tusW5YRKghc=
github.com/glycerine/rbtree v0.2.1/go.mod h1:skpUtSrm1HHyLo+HayukOvAmXtE/F6tsVW0uCpaBGWE=
github.com/glycerine/uart v0.12.16 h1:yyWJ8muzYdRROHE3wmU0oqM/AFMeWs03fgpVw0204Dk=
github.com/glycerine/uart v0.12.16/go.mod h1:aqhQKW/Ne4lZ8Zoy5q/fL4dd46F0Um18KXgk4zTooa0=
github.com/google/btree v1.1.3 h1:CVpQJjYgC4VbzxeGVHfvZrv1ctoYCAI8vbl07Fcxlyg=
github.com/google/btree v1.1.3/go.mod h1:qOPhT0dTNdNzV6Z/lhRX0YXUafgPLFUh+gZMl761Gm4=
github.com/puzpuzpuz/xsync/v3 v3.5.1 h1:GJYJZwO6IdxN/IKbneznS6yPkVC+c3zyY/j19c++5Fg=
github.com/puzpuzpuz/xsync/v3 v3.5.1/go.mod h1:VjzYrABPabuM4KyBh1Ftq6u8nhwY5tBPKP9jpmh0nnA=
github.com/tidwall/btree v1.8.1 h1:27ehoXvm5AG/g+1VxLS1SD3vRhp/H7LuEfwNvddEdmA=
github.com/tidwall/btree v1.8.1/go.mod h1:jBbTdUWhSZClZWoDg54VnvV7/54modSOzDN7VXftj1A=
